// !$*UTF8*$!
{
	archiveVersion = 1;
	classes = {
	};
	objectVersion = 48;
	objects = {

/* Begin PBXBuildFile section */
		28F0A8B0202AF1F4000792D3 /* AppDelegate.swift in Sources */ = {isa = PBXBuildFile; fileRef = 28F0A8AF202AF1F4000792D3 /* AppDelegate.swift */; };
		28F0A8B2202AF1F4000792D3 /* Assets.xcassets in Resources */ = {isa = PBXBuildFile; fileRef = 28F0A8B1202AF1F4000792D3 /* Assets.xcassets */; };
		28F0A8B5202AF1F4000792D3 /* MainMenu.xib in Resources */ = {isa = PBXBuildFile; fileRef = 28F0A8B3202AF1F4000792D3 /* MainMenu.xib */; };
		28F0A8C1202AF1F4000792D3 /* TimeOfLifeTests.swift in Sources */ = {isa = PBXBuildFile; fileRef = 28F0A8C0202AF1F4000792D3 /* TimeOfLifeTests.swift */; };
		28F0A8CC202AF1F4000792D3 /* TimeOfLifeUITests.swift in Sources */ = {isa = PBXBuildFile; fileRef = 28F0A8CB202AF1F4000792D3 /* TimeOfLifeUITests.swift */; };
/* End PBXBuildFile section */

/* Begin PBXContainerItemProxy section */
		28F0A8BD202AF1F4000792D3 /* PBXContainerItemProxy */ = {
			isa = PBXContainerItemProxy;
			containerPortal = 28F0A8A4202AF1F4000792D3 /* Project object */;
			proxyType = 1;
			remoteGlobalIDString = 28F0A8AB202AF1F4000792D3;
			remoteInfo = TimeOfLife;
		};
		28F0A8C8202AF1F4000792D3 /* PBXContainerItemProxy */ = {
			isa = PBXContainerItemProxy;
			containerPortal = 28F0A8A4202AF1F4000792D3 /* Project object */;
			proxyType = 1;
			remoteGlobalIDString = 28F0A8AB202AF1F4000792D3;
			remoteInfo = TimeOfLife;
		};
/* End PBXContainerItemProxy section */

/* Begin PBXFileReference section */
		28F0A8AC202AF1F4000792D3 /* TimeOfLife.app */ = {isa = PBXFileReference; explicitFileType = wrapper.application; includeInIndex = 0; path = TimeOfLife.app; sourceTree = BUILT_PRODUCTS_DIR; };
		28F0A8AF202AF1F4000792D3 /* AppDelegate.swift */ = {isa = PBXFileReference; lastKnownFileType = sourcecode.swift; path = AppDelegate.swift; sourceTree = "<group>"; };
		28F0A8B1202AF1F4000792D3 /* Assets.xcassets */ = {isa = PBXFileReference; lastKnownFileType = folder.assetcatalog; path = Assets.xcassets; sourceTree = "<group>"; };
		28F0A8B4202AF1F4000792D3 /* Base */ = {isa = PBXFileReference; lastKnownFileType = file.xib; name = Base; path = Base.lproj/MainMenu.xib; sourceTree = "<group>"; };
		28F0A8B6202AF1F4000792D3 /* Info.plist */ = {isa = PBXFileReference; lastKnownFileType = text.plist.xml; path = Info.plist; sourceTree = "<group>"; };
		28F0A8B7202AF1F4000792D3 /* TimeOfLife.entitlements */ = {isa = PBXFileReference; lastKnownFileType = text.plist.entitlements; path = TimeOfLife.entitlements; sourceTree = "<group>"; };
		28F0A8BC202AF1F4000792D3 /* TimeOfLifeTests.xctest */ = {isa = PBXFileReference; explicitFileType = wrapper.cfbundle; includeInIndex = 0; path = TimeOfLifeTests.xctest; sourceTree = BUILT_PRODUCTS_DIR; };
		28F0A8C0202AF1F4000792D3 /* TimeOfLifeTests.swift */ = {isa = PBXFileReference; lastKnownFileType = sourcecode.swift; path = TimeOfLifeTests.swift; sourceTree = "<group>"; };
		28F0A8C2202AF1F4000792D3 /* Info.plist */ = {isa = PBXFileReference; lastKnownFileType = text.plist.xml; path = Info.plist; sourceTree = "<group>"; };
		28F0A8C7202AF1F4000792D3 /* TimeOfLifeUITests.xctest */ = {isa = PBXFileReference; explicitFileType = wrapper.cfbundle; includeInIndex = 0; path = TimeOfLifeUITests.xctest; sourceTree = BUILT_PRODUCTS_DIR; };
		28F0A8CB202AF1F4000792D3 /* TimeOfLifeUITests.swift */ = {isa = PBXFileReference; lastKnownFileType = sourcecode.swift; path = TimeOfLifeUITests.swift; sourceTree = "<group>"; };
		28F0A8CD202AF1F4000792D3 /* Info.plist */ = {isa = PBXFileReference; lastKnownFileType = text.plist.xml; path = Info.plist; sourceTree = "<group>"; };
/* End PBXFileReference section */

/* Begin PBXFrameworksBuildPhase section */
		28F0A8A9202AF1F4000792D3 /* Frameworks */ = {
			isa = PBXFrameworksBuildPhase;
			buildActionMask = 2147483647;
			files = (
			);
			runOnlyForDeploymentPostprocessing = 0;
		};
		28F0A8B9202AF1F4000792D3 /* Frameworks */ = {
			isa = PBXFrameworksBuildPhase;
			buildActionMask = 2147483647;
			files = (
			);
			runOnlyForDeploymentPostprocessing = 0;
		};
		28F0A8C4202AF1F4000792D3 /* Frameworks */ = {
			isa = PBXFrameworksBuildPhase;
			buildActionMask = 2147483647;
			files = (
			);
			runOnlyForDeploymentPostprocessing = 0;
		};
/* End PBXFrameworksBuildPhase section */

/* Begin PBXGroup section */
		28F0A8A3202AF1F4000792D3 = {
			isa = PBXGroup;
			children = (
				28F0A8AE202AF1F4000792D3 /* TimeOfLife */,
				28F0A8BF202AF1F4000792D3 /* TimeOfLifeTests */,
				28F0A8CA202AF1F4000792D3 /* TimeOfLifeUITests */,
				28F0A8AD202AF1F4000792D3 /* Products */,
			);
			sourceTree = "<group>";
		};
		28F0A8AD202AF1F4000792D3 /* Products */ = {
			isa = PBXGroup;
			children = (
				28F0A8AC202AF1F4000792D3 /* TimeOfLife.app */,
				28F0A8BC202AF1F4000792D3 /* TimeOfLifeTests.xctest */,
				28F0A8C7202AF1F4000792D3 /* TimeOfLifeUITests.xctest */,
			);
			name = Products;
			sourceTree = "<group>";
		};
		28F0A8AE202AF1F4000792D3 /* TimeOfLife */ = {
			isa = PBXGroup;
			children = (
				28F0A8AF202AF1F4000792D3 /* AppDelegate.swift */,
				28F0A8B1202AF1F4000792D3 /* Assets.xcassets */,
				28F0A8B3202AF1F4000792D3 /* MainMenu.xib */,
				28F0A8B6202AF1F4000792D3 /* Info.plist */,
				28F0A8B7202AF1F4000792D3 /* TimeOfLife.entitlements */,
			);
			path = TimeOfLife;
			sourceTree = "<group>";
		};
		28F0A8BF202AF1F4000792D3 /* TimeOfLifeTests */ = {
			isa = PBXGroup;
			children = (
				28F0A8C0202AF1F4000792D3 /* TimeOfLifeTests.swift */,
				28F0A8C2202AF1F4000792D3 /* Info.plist */,
			);
			path = TimeOfLifeTests;
			sourceTree = "<group>";
		};
		28F0A8CA202AF1F4000792D3 /* TimeOfLifeUITests */ = {
			isa = PBXGroup;
			children = (
				28F0A8CB202AF1F4000792D3 /* TimeOfLifeUITests.swift */,
				28F0A8CD202AF1F4000792D3 /* Info.plist */,
			);
			path = TimeOfLifeUITests;
			sourceTree = "<group>";
		};
/* End PBXGroup section */

/* Begin PBXNativeTarget section */
		28F0A8AB202AF1F4000792D3 /* TimeOfLife */ = {
			isa = PBXNativeTarget;
			buildConfigurationList = 28F0A8D0202AF1F4000792D3 /* Build configuration list for PBXNativeTarget "TimeOfLife" */;
			buildPhases = (
				28F0A8A8202AF1F4000792D3 /* Sources */,
				28F0A8A9202AF1F4000792D3 /* Frameworks */,
				28F0A8AA202AF1F4000792D3 /* Resources */,
			);
			buildRules = (
			);
			dependencies = (
			);
			name = TimeOfLife;
			productName = TimeOfLife;
			productReference = 28F0A8AC202AF1F4000792D3 /* TimeOfLife.app */;
			productType = "com.apple.product-type.application";
		};
		28F0A8BB202AF1F4000792D3 /* TimeOfLifeTests */ = {
			isa = PBXNativeTarget;
			buildConfigurationList = 28F0A8D3202AF1F4000792D3 /* Build configuration list for PBXNativeTarget "TimeOfLifeTests" */;
			buildPhases = (
				28F0A8B8202AF1F4000792D3 /* Sources */,
				28F0A8B9202AF1F4000792D3 /* Frameworks */,
				28F0A8BA202AF1F4000792D3 /* Resources */,
			);
			buildRules = (
			);
			dependencies = (
				28F0A8BE202AF1F4000792D3 /* PBXTargetDependency */,
			);
			name = TimeOfLifeTests;
			productName = TimeOfLifeTests;
			productReference = 28F0A8BC202AF1F4000792D3 /* TimeOfLifeTests.xctest */;
			productType = "com.apple.product-type.bundle.unit-test";
		};
		28F0A8C6202AF1F4000792D3 /* TimeOfLifeUITests */ = {
			isa = PBXNativeTarget;
			buildConfigurationList = 28F0A8D6202AF1F4000792D3 /* Build configuration list for PBXNativeTarget "TimeOfLifeUITests" */;
			buildPhases = (
				28F0A8C3202AF1F4000792D3 /* Sources */,
				28F0A8C4202AF1F4000792D3 /* Frameworks */,
				28F0A8C5202AF1F4000792D3 /* Resources */,
			);
			buildRules = (
			);
			dependencies = (
				28F0A8C9202AF1F4000792D3 /* PBXTargetDependency */,
			);
			name = TimeOfLifeUITests;
			productName = TimeOfLifeUITests;
			productReference = 28F0A8C7202AF1F4000792D3 /* TimeOfLifeUITests.xctest */;
			productType = "com.apple.product-type.bundle.ui-testing";
		};
/* End PBXNativeTarget section */

/* Begin PBXProject section */
		28F0A8A4202AF1F4000792D3 /* Project object */ = {
			isa = PBXProject;
			attributes = {
				LastSwiftUpdateCheck = 0920;
				LastUpgradeCheck = 0920;
				ORGANIZATIONNAME = jeremaihloo;
				TargetAttributes = {
					28F0A8AB202AF1F4000792D3 = {
						CreatedOnToolsVersion = 9.2;
						ProvisioningStyle = Automatic;
					};
					28F0A8BB202AF1F4000792D3 = {
						CreatedOnToolsVersion = 9.2;
						ProvisioningStyle = Automatic;
						TestTargetID = 28F0A8AB202AF1F4000792D3;
					};
					28F0A8C6202AF1F4000792D3 = {
						CreatedOnToolsVersion = 9.2;
						ProvisioningStyle = Automatic;
						TestTargetID = 28F0A8AB202AF1F4000792D3;
					};
				};
			};
			buildConfigurationList = 28F0A8A7202AF1F4000792D3 /* Build configuration list for PBXProject "TimeOfLife" */;
			compatibilityVersion = "Xcode 8.0";
			developmentRegion = en;
			hasScannedForEncodings = 0;
			knownRegions = (
				en,
				Base,
			);
			mainGroup = 28F0A8A3202AF1F4000792D3;
			productRefGroup = 28F0A8AD202AF1F4000792D3 /* Products */;
			projectDirPath = "";
			projectRoot = "";
			targets = (
				28F0A8AB202AF1F4000792D3 /* TimeOfLife */,
				28F0A8BB202AF1F4000792D3 /* TimeOfLifeTests */,
				28F0A8C6202AF1F4000792D3 /* TimeOfLifeUITests */,
			);
		};
/* End PBXProject section */

/* Begin PBXResourcesBuildPhase section */
		28F0A8AA202AF1F4000792D3 /* Resources */ = {
			isa = PBXResourcesBuildPhase;
			buildActionMask = 2147483647;
			files = (
				28F0A8B2202AF1F4000792D3 /* Assets.xcassets in Resources */,
				28F0A8B5202AF1F4000792D3 /* MainMenu.xib in Resources */,
			);
			runOnlyForDeploymentPostprocessing = 0;
		};
		28F0A8BA202AF1F4000792D3 /* Resources */ = {
			isa = PBXResourcesBuildPhase;
			buildActionMask = 2147483647;
			files = (
			);
			runOnlyForDeploymentPostprocessing = 0;
		};
		28F0A8C5202AF1F4000792D3 /* Resources */ = {
			isa = PBXResourcesBuildPhase;
			buildActionMask = 2147483647;
			files = (
			);
			runOnlyForDeploymentPostprocessing = 0;
		};
/* End PBXResourcesBuildPhase section */

/* Begin PBXSourcesBuildPhase section */
		28F0A8A8202AF1F4000792D3 /* Sources */ = {
			isa = PBXSourcesBuildPhase;
			buildActionMask = 2147483647;
			files = (
				28F0A8B0202AF1F4000792D3 /* AppDelegate.swift in Sources */,
			);
			runOnlyForDeploymentPostprocessing = 0;
		};
		28F0A8B8202AF1F4000792D3 /* Sources */ = {
			isa = PBXSourcesBuildPhase;
			buildActionMask = 2147483647;
			files = (
				28F0A8C1202AF1F4000792D3 /* TimeOfLifeTests.swift in Sources */,
			);
			runOnlyForDeploymentPostprocessing = 0;
		};
		28F0A8C3202AF1F4000792D3 /* Sources */ = {
			isa = PBXSourcesBuildPhase;
			buildActionMask = 2147483647;
			files = (
				28F0A8CC202AF1F4000792D3 /* TimeOfLifeUITests.swift in Sources */,
			);
			runOnlyForDeploymentPostprocessing = 0;
		};
/* End PBXSourcesBuildPhase section */

/* Begin PBXTargetDependency section */
		28F0A8BE202AF1F4000792D3 /* PBXTargetDependency */ = {
			isa = PBXTargetDependency;
			target = 28F0A8AB202AF1F4000792D3 /* TimeOfLife */;
			targetProxy = 28F0A8BD202AF1F4000792D3 /* PBXContainerItemProxy */;
		};
		28F0A8C9202AF1F4000792D3 /* PBXTargetDependency */ = {
			isa = PBXTargetDependency;
			target = 28F0A8AB202AF1F4000792D3 /* TimeOfLife */;
			targetProxy = 28F0A8C8202AF1F4000792D3 /* PBXContainerItemProxy */;
		};
/* End PBXTargetDependency section */

/* Begin PBXVariantGroup section */
		28F0A8B3202AF1F4000792D3 /* MainMenu.xib */ = {
			isa = PBXVariantGroup;
			children = (
				28F0A8B4202AF1F4000792D3 /* Base */,
			);
			name = MainMenu.xib;
			sourceTree = "<group>";
		};
/* End PBXVariantGroup section */

/* Begin XCBuildConfiguration section */
		28F0A8CE202AF1F4000792D3 /* Debug */ = {
			isa = XCBuildConfiguration;
			buildSettings = {
				ALWAYS_SEARCH_USER_PATHS = NO;
				CLANG_ANALYZER_NONNULL = YES;
				CLANG_ANALYZER_NUMBER_OBJECT_CONVERSION = YES_AGGRESSIVE;
				CLANG_CXX_LANGUAGE_STANDARD = "gnu++14";
				CLANG_CXX_LIBRARY = "libc++";
				CLANG_ENABLE_MODULES = YES;
				CLANG_ENABLE_OBJC_ARC = YES;
				CLANG_WARN_BLOCK_CAPTURE_AUTORELEASING = YES;
				CLANG_WARN_BOOL_CONVERSION = YES;
				CLANG_WARN_COMMA = YES;
				CLANG_WARN_CONSTANT_CONVERSION = YES;
				CLANG_WARN_DIRECT_OBJC_ISA_USAGE = YES_ERROR;
				CLANG_WARN_DOCUMENTATION_COMMENTS = YES;
				CLANG_WARN_EMPTY_BODY = YES;
				CLANG_WARN_ENUM_CONVERSION = YES;
				CLANG_WARN_INFINITE_RECURSION = YES;
				CLANG_WARN_INT_CONVERSION = YES;
				CLANG_WARN_NON_LITERAL_NULL_CONVERSION = YES;
				CLANG_WARN_OBJC_LITERAL_CONVERSION = YES;
				CLANG_WARN_OBJC_ROOT_CLASS = YES_ERROR;
				CLANG_WARN_RANGE_LOOP_ANALYSIS = YES;
				CLANG_WARN_STRICT_PROTOTYPES = YES;
				CLANG_WARN_SUSPICIOUS_MOVE = YES;
				CLANG_WARN_UNGUARDED_AVAILABILITY = YES_AGGRESSIVE;
				CLANG_WARN_UNREACHABLE_CODE = YES;
				CLANG_WARN__DUPLICATE_METHOD_MATCH = YES;
				CODE_SIGN_IDENTITY = "-";
				COPY_PHASE_STRIP = NO;
				DEBUG_INFORMATION_FORMAT = dwarf;
				ENABLE_STRICT_OBJC_MSGSEND = YES;
				ENABLE_TESTABILITY = YES;
				GCC_C_LANGUAGE_STANDARD = gnu11;
				GCC_DYNAMIC_NO_PIC = NO;
				GCC_NO_COMMON_BLOCKS = YES;
				GCC_OPTIMIZATION_LEVEL = 0;
				GCC_PREPROCESSOR_DEFINITIONS = (
					"DEBUG=1",
					"$(inherited)",
				);
				GCC_WARN_64_TO_32_BIT_CONVERSION = YES;
				GCC_WARN_ABOUT_RETURN_TYPE = YES_ERROR;
				GCC_WARN_UNDECLARED_SELECTOR = YES;
				GCC_WARN_UNINITIALIZED_AUTOS = YES_AGGRESSIVE;
				GCC_WARN_UNUSED_FUNCTION = YES;
				GCC_WARN_UNUSED_VARIABLE = YES;
				MACOSX_DEPLOYMENT_TARGET = 10.13;
				MTL_ENABLE_DEBUG_INFO = YES;
				ONLY_ACTIVE_ARCH = YES;
				SDKROOT = macosx;
				SWIFT_ACTIVE_COMPILATION_CONDITIONS = DEBUG;
				SWIFT_OPTIMIZATION_LEVEL = "-Onone";
			};
			name = Debug;
		};
		28F0A8CF202AF1F4000792D3 /* Release */ = {
			isa = XCBuildConfiguration;
			buildSettings = {
				ALWAYS_SEARCH_USER_PATHS = NO;
				CLANG_ANALYZER_NONNULL = YES;
				CLANG_ANALYZER_NUMBER_OBJECT_CONVERSION = YES_AGGRESSIVE;
				CLANG_CXX_LANGUAGE_STANDARD = "gnu++14";
				CLANG_CXX_LIBRARY = "libc++";
				CLANG_ENABLE_MODULES = YES;
				CLANG_ENABLE_OBJC_ARC = YES;
				CLANG_WARN_BLOCK_CAPTURE_AUTORELEASING = YES;
				CLANG_WARN_BOOL_CONVERSION = YES;
				CLANG_WARN_COMMA = YES;
				CLANG_WARN_CONSTANT_CONVERSION = YES;
				CLANG_WARN_DIRECT_OBJC_ISA_USAGE = YES_ERROR;
				CLANG_WARN_DOCUMENTATION_COMMENTS = YES;
				CLANG_WARN_EMPTY_BODY = YES;
				CLANG_WARN_ENUM_CONVERSION = YES;
				CLANG_WARN_INFINITE_RECURSION = YES;
				CLANG_WARN_INT_CONVERSION = YES;
				CLANG_WARN_NON_LITERAL_NULL_CONVERSION = YES;
				CLANG_WARN_OBJC_LITERAL_CONVERSION = YES;
				CLANG_WARN_OBJC_ROOT_CLASS = YES_ERROR;
				CLANG_WARN_RANGE_LOOP_ANALYSIS = YES;
				CLANG_WARN_STRICT_PROTOTYPES = YES;
				CLANG_WARN_SUSPICIOUS_MOVE = YES;
				CLANG_WARN_UNGUARDED_AVAILABILITY = YES_AGGRESSIVE;
				CLANG_WARN_UNREACHABLE_CODE = YES;
				CLANG_WARN__DUPLICATE_METHOD_MATCH = YES;
				CODE_SIGN_IDENTITY = "-";
				COPY_PHASE_STRIP = NO;
				DEBUG_INFORMATION_FORMAT = "dwarf-with-dsym";
				ENABLE_NS_ASSERTIONS = NO;
				ENABLE_STRICT_OBJC_MSGSEND = YES;
				GCC_C_LANGUAGE_STANDARD = gnu11;
				GCC_NO_COMMON_BLOCKS = YES;
				GCC_WARN_64_TO_32_BIT_CONVERSION = YES;
				GCC_WARN_ABOUT_RETURN_TYPE = YES_ERROR;
				GCC_WARN_UNDECLARED_SELECTOR = YES;
				GCC_WARN_UNINITIALIZED_AUTOS = YES_AGGRESSIVE;
				GCC_WARN_UNUSED_FUNCTION = YES;
				GCC_WARN_UNUSED_VARIABLE = YES;
				MACOSX_DEPLOYMENT_TARGET = 10.13;
				MTL_ENABLE_DEBUG_INFO = NO;
				SDKROOT = macosx;
				SWIFT_OPTIMIZATION_LEVEL = "-Owholemodule";
			};
			name = Release;
		};
		28F0A8D1202AF1F4000792D3 /* Debug */ = {
			isa = XCBuildConfiguration;
			buildSettings = {
				ASSETCATALOG_COMPILER_APPICON_NAME = AppIcon;
				CODE_SIGN_ENTITLEMENTS = TimeOfLife/TimeOfLife.entitlements;
				CODE_SIGN_STYLE = Automatic;
				COMBINE_HIDPI_IMAGES = YES;
				INFOPLIST_FILE = TimeOfLife/Info.plist;
				LD_RUNPATH_SEARCH_PATHS = "$(inherited) @executable_path/../Frameworks";
				PRODUCT_BUNDLE_IDENTIFIER = com.jeremaihloo.TimeOfLife;
				PRODUCT_NAME = "$(TARGET_NAME)";
				SWIFT_VERSION = 4.0;
			};
			name = Debug;
		};
		28F0A8D2202AF1F4000792D3 /* Release */ = {
			isa = XCBuildConfiguration;
			buildSettings = {
				ASSETCATALOG_COMPILER_APPICON_NAME = AppIcon;
				CODE_SIGN_ENTITLEMENTS = TimeOfLife/TimeOfLife.entitlements;
				CODE_SIGN_STYLE = Automatic;
				COMBINE_HIDPI_IMAGES = YES;
				INFOPLIST_FILE = TimeOfLife/Info.plist;
				LD_RUNPATH_SEARCH_PATHS = "$(inherited) @executable_path/../Frameworks";
				PRODUCT_BUNDLE_IDENTIFIER = com.jeremaihloo.TimeOfLife;
				PRODUCT_NAME = "$(TARGET_NAME)";
				SWIFT_VERSION = 4.0;
			};
			name = Release;
		};
		28F0A8D4202AF1F4000792D3 /* Debug */ = {
			isa = XCBuildConfiguration;
			buildSettings = {
				ALWAYS_EMBED_SWIFT_STANDARD_LIBRARIES = YES;
				BUNDLE_LOADER = "$(TEST_HOST)";
				CODE_SIGN_STYLE = Automatic;
				COMBINE_HIDPI_IMAGES = YES;
				INFOPLIST_FILE = TimeOfLifeTests/Info.plist;
				LD_RUNPATH_SEARCH_PATHS = "$(inherited) @executable_path/../Frameworks @loader_path/../Frameworks";
				PRODUCT_BUNDLE_IDENTIFIER = com.jeremaihloo.TimeOfLifeTests;
				PRODUCT_NAME = "$(TARGET_NAME)";
				SWIFT_VERSION = 4.0;
				TEST_HOST = "$(BUILT_PRODUCTS_DIR)/TimeOfLife.app/Contents/MacOS/TimeOfLife";
			};
			name = Debug;
		};
		28F0A8D5202AF1F4000792D3 /* Release */ = {
			isa = XCBuildConfiguration;
			buildSettings = {
				ALWAYS_EMBED_SWIFT_STANDARD_LIBRARIES = YES;
				BUNDLE_LOADER = "$(TEST_HOST)";
				CODE_SIGN_STYLE = Automatic;
				COMBINE_HIDPI_IMAGES = YES;
				INFOPLIST_FILE = TimeOfLifeTests/Info.plist;
				LD_RUNPATH_SEARCH_PATHS = "$(inherited) @executable_path/../Frameworks @loader_path/../Frameworks";
				PRODUCT_BUNDLE_IDENTIFIER = com.jeremaihloo.TimeOfLifeTests;
				PRODUCT_NAME = "$(TARGET_NAME)";
				SWIFT_VERSION = 4.0;
				TEST_HOST = "$(BUILT_PRODUCTS_DIR)/TimeOfLife.app/Contents/MacOS/TimeOfLife";
			};
			name = Release;
		};
		28F0A8D7202AF1F4000792D3 /* Debug */ = {
			isa = XCBuildConfiguration;
			buildSettings = {
				ALWAYS_EMBED_SWIFT_STANDARD_LIBRARIES = YES;
				CODE_SIGN_STYLE = Automatic;
				COMBINE_HIDPI_IMAGES = YES;
				INFOPLIST_FILE = TimeOfLifeUITests/Info.plist;
				LD_RUNPATH_SEARCH_PATHS = "$(inherited) @executable_path/../Frameworks @loader_path/../Frameworks";
				PRODUCT_BUNDLE_IDENTIFIER = com.jeremaihloo.TimeOfLifeUITests;
				PRODUCT_NAME = "$(TARGET_NAME)";
				SWIFT_VERSION = 4.0;
				TEST_TARGET_NAME = TimeOfLife;
			};
			name = Debug;
		};
		28F0A8D8202AF1F4000792D3 /* Release */ = {
			isa = XCBuildConfiguration;
			buildSettings = {
				ALWAYS_EMBED_SWIFT_STANDARD_LIBRARIES = YES;
				CODE_SIGN_STYLE = Automatic;
				COMBINE_HIDPI_IMAGES = YES;
				INFOPLIST_FILE = TimeOfLifeUITests/Info.plist;
				LD_RUNPATH_SEARCH_PATHS = "$(inherited) @executable_path/../Frameworks @loader_path/../Frameworks";
				PRODUCT_BUNDLE_IDENTIFIER = com.jeremaihloo.TimeOfLifeUITests;
				PRODUCT_NAME = "$(TARGET_NAME)";
				SWIFT_VERSION = 4.0;
				TEST_TARGET_NAME = TimeOfLife;
			};
			name = Release;
		};
/* End XCBuildConfiguration section */

/* Begin XCConfigurationList section */
		28F0A8A7202AF1F4000792D3 /* Build configuration list for PBXProject "TimeOfLife" */ = {
			isa = XCConfigurationList;
			buildConfigurations = (
				28F0A8CE202AF1F4000792D3 /* Debug */,
				28F0A8CF202AF1F4000792D3 /* Release */,
			);
			defaultConfigurationIsVisible = 0;
			defaultConfigurationName = Release;
		};
		28F0A8D0202AF1F4000792D3 /* Build configuration list for PBXNativeTarget "TimeOfLife" */ = {
			isa = XCConfigurationList;
			buildConfigurations = (
				28F0A8D1202AF1F4000792D3 /* Debug */,
				28F0A8D2202AF1F4000792D3 /* Release */,
			);
			defaultConfigurationIsVisible = 0;
			defaultConfigurationName = Release;
		};
		28F0A8D3202AF1F4000792D3 /* Build configuration list for PBXNativeTarget "TimeOfLifeTests" */ = {
			isa = XCConfigurationList;
			buildConfigurations = (
				28F0A8D4202AF1F4000792D3 /* Debug */,
				28F0A8D5202AF1F4000792D3 /* Release */,
			);
			defaultConfigurationIsVisible = 0;
			defaultConfigurationName = Release;
		};
		28F0A8D6202AF1F4000792D3 /* Build configuration list for PBXNativeTarget "TimeOfLifeUITests" */ = {
			isa = XCConfigurationList;
			buildConfigurations = (
				28F0A8D7202AF1F4000792D3 /* Debug */,
				28F0A8D8202AF1F4000792D3 /* Release */,
			);
			defaultConfigurationIsVisible = 0;
			defaultConfigurationName = Release;
		};
/* End XCConfigurationList section */
	};
	rootObject = 28F0A8A4202AF1F4000792D3 /* Project object */;
}
